// !$*UTF8*$!
{
	archiveVersion = 1;
	classes = {
	};
	objectVersion = 50;
	objects = {

/* Begin PBXBuildFile section */
		A4A3077524819D4D006FD617 /* AppDelegate.swift in Sources */ = {isa = PBXBuildFile; fileRef = A4A3077424819D4D006FD617 /* AppDelegate.swift */; };
		A4A3077724819D4D006FD617 /* SceneDelegate.swift in Sources */ = {isa = PBXBuildFile; fileRef = A4A3077624819D4D006FD617 /* SceneDelegate.swift */; };
		A4A3077924819D4D006FD617 /* ViewController.swift in Sources */ = {isa = PBXBuildFile; fileRef = A4A3077824819D4D006FD617 /* ViewController.swift */; };
		A4A3077C24819D4D006FD617 /* Main.storyboard in Resources */ = {isa = PBXBuildFile; fileRef = A4A3077A24819D4D006FD617 /* Main.storyboard */; };
		A4A3077E24819D4E006FD617 /* Assets.xcassets in Resources */ = {isa = PBXBuildFile; fileRef = A4A3077D24819D4E006FD617 /* Assets.xcassets */; };
		A4A3078124819D4E006FD617 /* LaunchScreen.storyboard in Resources */ = {isa = PBXBuildFile; fileRef = A4A3077F24819D4E006FD617 /* LaunchScreen.storyboard */; };
		A4A3078C24819D4E006FD617 /* CollectionViewTests.swift in Sources */ = {isa = PBXBuildFile; fileRef = A4A3078B24819D4E006FD617 /* CollectionViewTests.swift */; };
		A4A307982481AD57006FD617 /* CustomCell.swift in Sources */ = {isa = PBXBuildFile; fileRef = A4A307962481AD57006FD617 /* CustomCell.swift */; };
		A4A307992481AD57006FD617 /* CustomCell.xib in Resources */ = {isa = PBXBuildFile; fileRef = A4A307972481AD57006FD617 /* CustomCell.xib */; };
/* End PBXBuildFile section */

/* Begin PBXContainerItemProxy section */
		A4A3078824819D4E006FD617 /* PBXContainerItemProxy */ = {
			isa = PBXContainerItemProxy;
			containerPortal = A4A3076924819D4D006FD617 /* Project object */;
			proxyType = 1;
			remoteGlobalIDString = A4A3077024819D4D006FD617;
			remoteInfo = CollectionView;
		};
/* End PBXContainerItemProxy section */

/* Begin PBXFileReference section */
		A4A3077124819D4D006FD617 /* CollectionView.app */ = {isa = PBXFileReference; explicitFileType = wrapper.application; includeInIndex = 0; path = CollectionView.app; sourceTree = BUILT_PRODUCTS_DIR; };
		A4A3077424819D4D006FD617 /* AppDelegate.swift */ = {isa = PBXFileReference; lastKnownFileType = sourcecode.swift; path = AppDelegate.swift; sourceTree = "<group>"; };
		A4A3077624819D4D006FD617 /* SceneDelegate.swift */ = {isa = PBXFileReference; lastKnownFileType = sourcecode.swift; path = SceneDelegate.swift; sourceTree = "<group>"; };
		A4A3077824819D4D006FD617 /* ViewController.swift */ = {isa = PBXFileReference; lastKnownFileType = sourcecode.swift; path = ViewController.swift; sourceTree = "<group>"; };
		A4A3077B24819D4D006FD617 /* Base */ = {isa = PBXFileReference; lastKnownFileType = file.storyboard; name = Base; path = Base.lproj/Main.storyboard; sourceTree = "<group>"; };
		A4A3077D24819D4E006FD617 /* Assets.xcassets */ = {isa = PBXFileReference; lastKnownFileType = folder.assetcatalog; path = Assets.xcassets; sourceTree = "<group>"; };
		A4A3078024819D4E006FD617 /* Base */ = {isa = PBXFileReference; lastKnownFileType = file.storyboard; name = Base; path = Base.lproj/LaunchScreen.storyboard; sourceTree = "<group>"; };
		A4A3078224819D4E006FD617 /* Info.plist */ = {isa = PBXFileReference; lastKnownFileType = text.plist.xml; path = Info.plist; sourceTree = "<group>"; };
		A4A3078724819D4E006FD617 /* CollectionViewTests.xctest */ = {isa = PBXFileReference; explicitFileType = wrapper.cfbundle; includeInIndex = 0; path = CollectionViewTests.xctest; sourceTree = BUILT_PRODUCTS_DIR; };
		A4A3078B24819D4E006FD617 /* CollectionViewTests.swift */ = {isa = PBXFileReference; lastKnownFileType = sourcecode.swift; path = CollectionViewTests.swift; sourceTree = "<group>"; };
		A4A3078D24819D4E006FD617 /* Info.plist */ = {isa = PBXFileReference; lastKnownFileType = text.plist.xml; path = Info.plist; sourceTree = "<group>"; };
		A4A307962481AD57006FD617 /* CustomCell.swift */ = {isa = PBXFileReference; lastKnownFileType = sourcecode.swift; path = CustomCell.swift; sourceTree = "<group>"; };
		A4A307972481AD57006FD617 /* CustomCell.xib */ = {isa = PBXFileReference; lastKnownFileType = file.xib; path = CustomCell.xib; sourceTree = "<group>"; };
/* End PBXFileReference section */

/* Begin PBXFrameworksBuildPhase section */
		A4A3076E24819D4D006FD617 /* Frameworks */ = {
			isa = PBXFrameworksBuildPhase;
			buildActionMask = 2147483647;
			files = (
			);
			runOnlyForDeploymentPostprocessing = 0;
		};
		A4A3078424819D4E006FD617 /* Frameworks */ = {
			isa = PBXFrameworksBuildPhase;
			buildActionMask = 2147483647;
			files = (
			);
			runOnlyForDeploymentPostprocessing = 0;
		};
/* End PBXFrameworksBuildPhase section */

/* Begin PBXGroup section */
		A4A3076824819D4D006FD617 = {
			isa = PBXGroup;
			children = (
				A4A3077324819D4D006FD617 /* CollectionView */,
				A4A3078A24819D4E006FD617 /* CollectionViewTests */,
				A4A3077224819D4D006FD617 /* Products */,
			);
			sourceTree = "<group>";
		};
		A4A3077224819D4D006FD617 /* Products */ = {
			isa = PBXGroup;
			children = (
				A4A3077124819D4D006FD617 /* CollectionView.app */,
				A4A3078724819D4E006FD617 /* CollectionViewTests.xctest */,
			);
			name = Products;
			sourceTree = "<group>";
		};
		A4A3077324819D4D006FD617 /* CollectionView */ = {
			isa = PBXGroup;
			children = (
				A4A3077424819D4D006FD617 /* AppDelegate.swift */,
				A4A3077624819D4D006FD617 /* SceneDelegate.swift */,
				A4A3079A2481AD73006FD617 /* Controller */,
				A4A3077A24819D4D006FD617 /* Main.storyboard */,
				A4A3077D24819D4E006FD617 /* Assets.xcassets */,
				A4A3077F24819D4E006FD617 /* LaunchScreen.storyboard */,
				A4A3078224819D4E006FD617 /* Info.plist */,
			);
			path = CollectionView;
			sourceTree = "<group>";
		};
		A4A3078A24819D4E006FD617 /* CollectionViewTests */ = {
			isa = PBXGroup;
			children = (
				A4A3078B24819D4E006FD617 /* CollectionViewTests.swift */,
				A4A3078D24819D4E006FD617 /* Info.plist */,
			);
			path = CollectionViewTests;
			sourceTree = "<group>";
		};
		A4A3079A2481AD73006FD617 /* Controller */ = {
			isa = PBXGroup;
			children = (
				A4A3077824819D4D006FD617 /* ViewController.swift */,
				A4A307962481AD57006FD617 /* CustomCell.swift */,
				A4A307972481AD57006FD617 /* CustomCell.xib */,
			);
			path = Controller;
			sourceTree = "<group>";
		};
/* End PBXGroup section */

/* Begin PBXNativeTarget section */
		A4A3077024819D4D006FD617 /* CollectionView */ = {
			isa = PBXNativeTarget;
			buildConfigurationList = A4A3079024819D4E006FD617 /* Build configuration list for PBXNativeTarget "CollectionView" */;
			buildPhases = (
				A4A3076D24819D4D006FD617 /* Sources */,
				A4A3076E24819D4D006FD617 /* Frameworks */,
				A4A3076F24819D4D006FD617 /* Resources */,
			);
			buildRules = (
			);
			dependencies = (
			);
			name = CollectionView;
			productName = CollectionView;
			productReference = A4A3077124819D4D006FD617 /* CollectionView.app */;
			productType = "com.apple.product-type.application";
		};
		A4A3078624819D4E006FD617 /* CollectionViewTests */ = {
			isa = PBXNativeTarget;
			buildConfigurationList = A4A3079324819D4E006FD617 /* Build configuration list for PBXNativeTarget "CollectionViewTests" */;
			buildPhases = (
				A4A3078324819D4E006FD617 /* Sources */,
				A4A3078424819D4E006FD617 /* Frameworks */,
				A4A3078524819D4E006FD617 /* Resources */,
			);
			buildRules = (
			);
			dependencies = (
				A4A3078924819D4E006FD617 /* PBXTargetDependency */,
			);
			name = CollectionViewTests;
			productName = CollectionViewTests;
			productReference = A4A3078724819D4E006FD617 /* CollectionViewTests.xctest */;
			productType = "com.apple.product-type.bundle.unit-test";
		};
/* End PBXNativeTarget section */

/* Begin PBXProject section */
		A4A3076924819D4D006FD617 /* Project object */ = {
			isa = PBXProject;
			attributes = {
				LastSwiftUpdateCheck = 1150;
				LastUpgradeCheck = 1150;
				ORGANIZATIONNAME = "Matiny L";
				TargetAttributes = {
					A4A3077024819D4D006FD617 = {
						CreatedOnToolsVersion = 11.5;
					};
					A4A3078624819D4E006FD617 = {
						CreatedOnToolsVersion = 11.5;
						TestTargetID = A4A3077024819D4D006FD617;
					};
				};
			};
			buildConfigurationList = A4A3076C24819D4D006FD617 /* Build configuration list for PBXProject "CollectionView" */;
			compatibilityVersion = "Xcode 9.3";
			developmentRegion = en;
			hasScannedForEncodings = 0;
			knownRegions = (
				en,
				Base,
			);
			mainGroup = A4A3076824819D4D006FD617;
			productRefGroup = A4A3077224819D4D006FD617 /* Products */;
			projectDirPath = "";
			projectRoot = "";
			targets = (
				A4A3077024819D4D006FD617 /* CollectionView */,
				A4A3078624819D4E006FD617 /* CollectionViewTests */,
			);
		};
/* End PBXProject section */

/* Begin PBXResourcesBuildPhase section */
		A4A3076F24819D4D006FD617 /* Resources */ = {
			isa = PBXResourcesBuildPhase;
			buildActionMask = 2147483647;
			files = (
				A4A3078124819D4E006FD617 /* LaunchScreen.storyboard in Resources */,
				A4A3077E24819D4E006FD617 /* Assets.xcassets in Resources */,
				A4A307992481AD57006FD617 /* CustomCell.xib in Resources */,
				A4A3077C24819D4D006FD617 /* Main.storyboard in Resources */,
			);
			runOnlyForDeploymentPostprocessing = 0;
		};
		A4A3078524819D4E006FD617 /* Resources */ = {
			isa = PBXResourcesBuildPhase;
			buildActionMask = 2147483647;
			files = (
			);
			runOnlyForDeploymentPostprocessing = 0;
		};
/* End PBXResourcesBuildPhase section */

/* Begin PBXSourcesBuildPhase section */
		A4A3076D24819D4D006FD617 /* Sources */ = {
			isa = PBXSourcesBuildPhase;
			buildActionMask = 2147483647;
			files = (
				A4A3077924819D4D006FD617 /* ViewController.swift in Sources */,
				A4A3077524819D4D006FD617 /* AppDelegate.swift in Sources */,
				A4A307982481AD57006FD617 /* CustomCell.swift in Sources */,
				A4A3077724819D4D006FD617 /* SceneDelegate.swift in Sources */,
			);
			runOnlyForDeploymentPostprocessing = 0;
		};
		A4A3078324819D4E006FD617 /* Sources */ = {
			isa = PBXSourcesBuildPhase;
			buildActionMask = 2147483647;
			files = (
				A4A3078C24819D4E006FD617 /* CollectionViewTests.swift in Sources */,
			);
			runOnlyForDeploymentPostprocessing = 0;
		};
/* End PBXSourcesBuildPhase section */

/* Begin PBXTargetDependency section */
		A4A3078924819D4E006FD617 /* PBXTargetDependency */ = {
			isa = PBXTargetDependency;
			target = A4A3077024819D4D006FD617 /* CollectionView */;
			targetProxy = A4A3078824819D4E006FD617 /* PBXContainerItemProxy */;
		};
/* End PBXTargetDependency section */

/* Begin PBXVariantGroup section */
		A4A3077A24819D4D006FD617 /* Main.storyboard */ = {
			isa = PBXVariantGroup;
			children = (
				A4A3077B24819D4D006FD617 /* Base */,
			);
			name = Main.storyboard;
			sourceTree = "<group>";
		};
		A4A3077F24819D4E006FD617 /* LaunchScreen.storyboard */ = {
			isa = PBXVariantGroup;
			children = (
				A4A3078024819D4E006FD617 /* Base */,
			);
			name = LaunchScreen.storyboard;
			sourceTree = "<group>";
		};
/* End PBXVariantGroup section */

/* Begin XCBuildConfiguration section */
		A4A3078E24819D4E006FD617 /* Debug */ = {
			isa = XCBuildConfiguration;
			buildSettings = {
				ALWAYS_SEARCH_USER_PATHS = NO;
				CLANG_ANALYZER_NONNULL = YES;
				CLANG_ANALYZER_NUMBER_OBJECT_CONVERSION = YES_AGGRESSIVE;
				CLANG_CXX_LANGUAGE_STANDARD = "gnu++14";
				CLANG_CXX_LIBRARY = "libc++";
				CLANG_ENABLE_MODULES = YES;
				CLANG_ENABLE_OBJC_ARC = YES;
				CLANG_ENABLE_OBJC_WEAK = YES;
				CLANG_WARN_BLOCK_CAPTURE_AUTORELEASING = YES;
				CLANG_WARN_BOOL_CONVERSION = YES;
				CLANG_WARN_COMMA = YES;
				CLANG_WARN_CONSTANT_CONVERSION = YES;
				CLANG_WARN_DEPRECATED_OBJC_IMPLEMENTATIONS = YES;
				CLANG_WARN_DIRECT_OBJC_ISA_USAGE = YES_ERROR;
				CLANG_WARN_DOCUMENTATION_COMMENTS = YES;
				CLANG_WARN_EMPTY_BODY = YES;
				CLANG_WARN_ENUM_CONVERSION = YES;
				CLANG_WARN_INFINITE_RECURSION = YES;
				CLANG_WARN_INT_CONVERSION = YES;
				CLANG_WARN_NON_LITERAL_NULL_CONVERSION = YES;
				CLANG_WARN_OBJC_IMPLICIT_RETAIN_SELF = YES;
				CLANG_WARN_OBJC_LITERAL_CONVERSION = YES;
				CLANG_WARN_OBJC_ROOT_CLASS = YES_ERROR;
				CLANG_WARN_RANGE_LOOP_ANALYSIS = YES;
				CLANG_WARN_STRICT_PROTOTYPES = YES;
				CLANG_WARN_SUSPICIOUS_MOVE = YES;
				CLANG_WARN_UNGUARDED_AVAILABILITY = YES_AGGRESSIVE;
				CLANG_WARN_UNREACHABLE_CODE = YES;
				CLANG_WARN__DUPLICATE_METHOD_MATCH = YES;
				COPY_PHASE_STRIP = NO;
				DEBUG_INFORMATION_FORMAT = dwarf;
				ENABLE_STRICT_OBJC_MSGSEND = YES;
				ENABLE_TESTABILITY = YES;
				GCC_C_LANGUAGE_STANDARD = gnu11;
				GCC_DYNAMIC_NO_PIC = NO;
				GCC_NO_COMMON_BLOCKS = YES;
				GCC_OPTIMIZATION_LEVEL = 0;
				GCC_PREPROCESSOR_DEFINITIONS = (
					"DEBUG=1",
					"$(inherited)",
				);
				GCC_WARN_64_TO_32_BIT_CONVERSION = YES;
				GCC_WARN_ABOUT_RETURN_TYPE = YES_ERROR;
				GCC_WARN_UNDECLARED_SELECTOR = YES;
				GCC_WARN_UNINITIALIZED_AUTOS = YES_AGGRESSIVE;
				GCC_WARN_UNUSED_FUNCTION = YES;
				GCC_WARN_UNUSED_VARIABLE = YES;
				IPHONEOS_DEPLOYMENT_TARGET = 13.5;
				MTL_ENABLE_DEBUG_INFO = INCLUDE_SOURCE;
				MTL_FAST_MATH = YES;
				ONLY_ACTIVE_ARCH = YES;
				SDKROOT = iphoneos;
				SWIFT_ACTIVE_COMPILATION_CONDITIONS = DEBUG;
				SWIFT_OPTIMIZATION_LEVEL = "-Onone";
			};
			name = Debug;
		};
		A4A3078F24819D4E006FD617 /* Release */ = {
			isa = XCBuildConfiguration;
			buildSettings = {
				ALWAYS_SEARCH_USER_PATHS = NO;
				CLANG_ANALYZER_NONNULL = YES;
				CLANG_ANALYZER_NUMBER_OBJECT_CONVERSION = YES_AGGRESSIVE;
				CLANG_CXX_LANGUAGE_STANDARD = "gnu++14";
				CLANG_CXX_LIBRARY = "libc++";
				CLANG_ENABLE_MODULES = YES;
				CLANG_ENABLE_OBJC_ARC = YES;
				CLANG_ENABLE_OBJC_WEAK = YES;
				CLANG_WARN_BLOCK_CAPTURE_AUTORELEASING = YES;
				CLANG_WARN_BOOL_CONVERSION = YES;
				CLANG_WARN_COMMA = YES;
				CLANG_WARN_CONSTANT_CONVERSION = YES;
				CLANG_WARN_DEPRECATED_OBJC_IMPLEMENTATIONS = YES;
				CLANG_WARN_DIRECT_OBJC_ISA_USAGE = YES_ERROR;
				CLANG_WARN_DOCUMENTATION_COMMENTS = YES;
				CLANG_WARN_EMPTY_BODY = YES;
				CLANG_WARN_ENUM_CONVERSION = YES;
				CLANG_WARN_INFINITE_RECURSION = YES;
				CLANG_WARN_INT_CONVERSION = YES;
				CLANG_WARN_NON_LITERAL_NULL_CONVERSION = YES;
				CLANG_WARN_OBJC_IMPLICIT_RETAIN_SELF = YES;
				CLANG_WARN_OBJC_LITERAL_CONVERSION = YES;
				CLANG_WARN_OBJC_ROOT_CLASS = YES_ERROR;
				CLANG_WARN_RANGE_LOOP_ANALYSIS = YES;
				CLANG_WARN_STRICT_PROTOTYPES = YES;
				CLANG_WARN_SUSPICIOUS_MOVE = YES;
				CLANG_WARN_UNGUARDED_AVAILABILITY = YES_AGGRESSIVE;
				CLANG_WARN_UNREACHABLE_CODE = YES;
				CLANG_WARN__DUPLICATE_METHOD_MATCH = YES;
				COPY_PHASE_STRIP = NO;
				DEBUG_INFORMATION_FORMAT = "dwarf-with-dsym";
				ENABLE_NS_ASSERTIONS = NO;
				ENABLE_STRICT_OBJC_MSGSEND = YES;
				GCC_C_LANGUAGE_STANDARD = gnu11;
				GCC_NO_COMMON_BLOCKS = YES;
				GCC_WARN_64_TO_32_BIT_CONVERSION = YES;
				GCC_WARN_ABOUT_RETURN_TYPE = YES_ERROR;
				GCC_WARN_UNDECLARED_SELECTOR = YES;
				GCC_WARN_UNINITIALIZED_AUTOS = YES_AGGRESSIVE;
				GCC_WARN_UNUSED_FUNCTION = YES;
				GCC_WARN_UNUSED_VARIABLE = YES;
				IPHONEOS_DEPLOYMENT_TARGET = 13.5;
				MTL_ENABLE_DEBUG_INFO = NO;
				MTL_FAST_MATH = YES;
				SDKROOT = iphoneos;
				SWIFT_COMPILATION_MODE = wholemodule;
				SWIFT_OPTIMIZATION_LEVEL = "-O";
				VALIDATE_PRODUCT = YES;
			};
			name = Release;
		};
		A4A3079124819D4E006FD617 /* Debug */ = {
			isa = XCBuildConfiguration;
			buildSettings = {
				ASSETCATALOG_COMPILER_APPICON_NAME = AppIcon;
				CODE_SIGN_STYLE = Automatic;
				INFOPLIST_FILE = CollectionView/Info.plist;
				LD_RUNPATH_SEARCH_PATHS = (
					"$(inherited)",
					"@executable_path/Frameworks",
				);
				PRODUCT_BUNDLE_IDENTIFIER = Matiny.CollectionView;
				PRODUCT_NAME = "$(TARGET_NAME)";
				SWIFT_VERSION = 5.0;
				TARGETED_DEVICE_FAMILY = "1,2";
			};
			name = Debug;
		};
		A4A3079224819D4E006FD617 /* Release */ = {
			isa = XCBuildConfiguration;
			buildSettings = {
				ASSETCATALOG_COMPILER_APPICON_NAME = AppIcon;
				CODE_SIGN_STYLE = Automatic;
				INFOPLIST_FILE = CollectionView/Info.plist;
				LD_RUNPATH_SEARCH_PATHS = (
					"$(inherited)",
					"@executable_path/Frameworks",
				);
				PRODUCT_BUNDLE_IDENTIFIER = Matiny.CollectionView;
				PRODUCT_NAME = "$(TARGET_NAME)";
				SWIFT_VERSION = 5.0;
				TARGETED_DEVICE_FAMILY = "1,2";
			};
			name = Release;
		};
		A4A3079424819D4E006FD617 /* Debug */ = {
			isa = XCBuildConfiguration;
			buildSettings = {
				ALWAYS_EMBED_SWIFT_STANDARD_LIBRARIES = YES;
				BUNDLE_LOADER = "$(TEST_HOST)";
				CODE_SIGN_STYLE = Automatic;
				INFOPLIST_FILE = CollectionViewTests/Info.plist;
				IPHONEOS_DEPLOYMENT_TARGET = 13.5;
				LD_RUNPATH_SEARCH_PATHS = (
					"$(inherited)",
					"@executable_path/Frameworks",
					"@loader_path/Frameworks",
				);
				PRODUCT_BUNDLE_IDENTIFIER = Matiny.CollectionViewTests;
				PRODUCT_NAME = "$(TARGET_NAME)";
				SWIFT_VERSION = 5.0;
				TARGETED_DEVICE_FAMILY = "1,2";
				TEST_HOST = "$(BUILT_PRODUCTS_DIR)/CollectionView.app/CollectionView";
			};
			name = Debug;
		};
		A4A3079524819D4E006FD617 /* Release */ = {
			isa = XCBuildConfiguration;
			buildSettings = {
				ALWAYS_EMBED_SWIFT_STANDARD_LIBRARIES = YES;
				BUNDLE_LOADER = "$(TEST_HOST)";
				CODE_SIGN_STYLE = Automatic;
				INFOPLIST_FILE = CollectionViewTests/Info.plist;
				IPHONEOS_DEPLOYMENT_TARGET = 13.5;
				LD_RUNPATH_SEARCH_PATHS = (
					"$(inherited)",
					"@executable_path/Frameworks",
					"@loader_path/Frameworks",
				);
				PRODUCT_BUNDLE_IDENTIFIER = Matiny.CollectionViewTests;
				PRODUCT_NAME = "$(TARGET_NAME)";
				SWIFT_VERSION = 5.0;
				TARGETED_DEVICE_FAMILY = "1,2";
				TEST_HOST = "$(BUILT_PRODUCTS_DIR)/CollectionView.app/CollectionView";
			};
			name = Release;
		};
/* End XCBuildConfiguration section */

/* Begin XCConfigurationList section */
		A4A3076C24819D4D006FD617 /* Build configuration list for PBXProject "CollectionView" */ = {
			isa = XCConfigurationList;
			buildConfigurations = (
				A4A3078E24819D4E006FD617 /* Debug */,
				A4A3078F24819D4E006FD617 /* Release */,
			);
			defaultConfigurationIsVisible = 0;
			defaultConfigurationName = Release;
		};
		A4A3079024819D4E006FD617 /* Build configuration list for PBXNativeTarget "CollectionView" */ = {
			isa = XCConfigurationList;
			buildConfigurations = (
				A4A3079124819D4E006FD617 /* Debug */,
				A4A3079224819D4E006FD617 /* Release */,
			);
			defaultConfigurationIsVisible = 0;
			defaultConfigurationName = Release;
		};
		A4A3079324819D4E006FD617 /* Build configuration list for PBXNativeTarget "CollectionViewTests" */ = {
			isa = XCConfigurationList;
			buildConfigurations = (
				A4A3079424819D4E006FD617 /* Debug */,
				A4A3079524819D4E006FD617 /* Release */,
			);
			defaultConfigurationIsVisible = 0;
			defaultConfigurationName = Release;
		};
/* End XCConfigurationList section */
	};
	rootObject = A4A3076924819D4D006FD617 /* Project object */;
}
